
Microsoft Visual Studio Solution File, Format Version 12.00
# Visual Studio Version 16
VisualStudioVersion = 16.0.32413.511
MinimumVisualStudioVersion = 10.0.40219.1
Project("{FAE04EC0-301F-11D3-BF4B-00C04F79EFBC}") = "Regular Expression Matching", "Regular Expression Matching\Regular Expression Matching.csproj", "{93C20583-2E70-4533-84E7-E9915552BC2E}"
EndProject
Global
	GlobalSection(SolutionConfigurationPlatforms) = preSolution
		Debug|Any CPU = Debug|Any CPU
		Release|Any CPU = Release|Any CPU
	EndGlobalSection
	GlobalSection(ProjectConfigurationPlatforms) = postSolution
		{93C20583-2E70-4533-84E7-E9915552BC2E}.Debug|Any CPU.ActiveCfg = Debug|Any CPU
		{93C20583-2E70-4533-84E7-E9915552BC2E}.Debug|Any CPU.Build.0 = Debug|Any CPU
		{93C20583-2E70-4533-84E7-E9915552BC2E}.Release|Any CPU.ActiveCfg = Release|Any CPU
		{93C20583-2E70-4533-84E7-E9915552BC2E}.Release|Any CPU.Build.0 = Release|Any CPU
	EndGlobalSection
	GlobalSection(SolutionProperties) = preSolution
		HideSolutionNode = FALSE
	EndGlobalSection
	GlobalSection(ExtensibilityGlobals) = postSolution
		SolutionGuid = {BD4544EF-CBC3-4EB3-8714-C7D7068743CA}
	EndGlobalSection
EndGlobal
